
Microsoft Visual Studio Solution File, Format Version 12.00
# Visual Studio 15
VisualStudioVersion = 15.0.28307.438
MinimumVisualStudioVersion = 10.0.40219.1
Project("{FAE04EC0-301F-11D3-BF4B-00C04F79EFBC}") = "WebApplication", "WebApplication\WebApplication.csproj", "{B5428B36-46F2-4182-9790-BC152A7E85FD}"
EndProject
Global
	GlobalSection(SolutionConfigurationPlatforms) = preSolution
		Debug|Any CPU = Debug|Any CPU
		Release|Any CPU = Release|Any CPU
	EndGlobalSection
	GlobalSection(ProjectConfigurationPlatforms) = postSolution
		{B5428B36-46F2-4182-9790-BC152A7E85FD}.Debug|Any CPU.ActiveCfg = Debug|Any CPU
		{B5428B36-46F2-4182-9790-BC152A7E85FD}.Debug|Any CPU.Build.0 = Debug|Any CPU
		{B5428B36-46F2-4182-9790-BC152A7E85FD}.Release|Any CPU.ActiveCfg = Release|Any CPU
		{B5428B36-46F2-4182-9790-BC152A7E85FD}.Release|Any CPU.Build.0 = Release|Any CPU
	EndGlobalSection
	GlobalSection(SolutionProperties) = preSolution
		HideSolutionNode = FALSE
	EndGlobalSection
	GlobalSection(ExtensibilityGlobals) = postSolution
		SolutionGuid = {6A61C18A-52BE-4317-8CBB-2DF1FCE68304}
	EndGlobalSection
EndGlobal
